{
    "_meta": {
        "hash": {
            "sha256": "3e0571642bdb4a0215d34c8abecfe618d38e06444ad3cbb1e4985eb8d9130a02"
        },
        "pipfile-spec": 6,
        "requires": {
            "python_version": "3.11"
        },
        "sources": [
            {
                "name": "pypi",
                "url": "https://pypi.org/simple",
                "verify_ssl": true
            }
        ]
    },
    "default": {
        "chess": {
            "hashes": [
                "sha256:48ff7c084a370811819cfc753c2ee159942356ada70824666bd01ee3fca170d0",
                "sha256:bccde105f54aa436e899f92b4ba953731c65012a863fd9235683d0e2863ccd54"
            ],
            "index": "pypi",
            "markers": "python_version >= '3.7'",
            "version": "==1.10.0"
        }
    },
    "develop": {}
}
